// !$*UTF8*$!
{
	archiveVersion = 1;
	classes = {
	};
	objectVersion = 46;
	objects = {

/* Begin PBXBuildFile section */
		8C2DADBF1DC7862C0025068B /* SwingAnimation.m in Sources */ = {isa = PBXBuildFile; fileRef = 8C2DADBE1DC7862C0025068B /* SwingAnimation.m */; };
		8C2DADC21DC78A840025068B /* QuartzCore.framework in Frameworks */ = {isa = PBXBuildFile; fileRef = 8C2DADC11DC78A840025068B /* QuartzCore.framework */; };
		8C2DADF91DCA40580025068B /* metronomeCenter.png in Resources */ = {isa = PBXBuildFile; fileRef = 8C2DADF81DCA40580025068B /* metronomeCenter.png */; };
		8C2DADFD1DD0D23E0025068B /* iTunesArtwork.png in Resources */ = {isa = PBXBuildFile; fileRef = 8C2DADFC1DD0D23E0025068B /* iTunesArtwork.png */; };
		8C9B57831DC4793E00A0DF80 /* metronome_1.png in Resources */ = {isa = PBXBuildFile; fileRef = 8C9B57821DC4793E00A0DF80 /* metronome_1.png */; };
		8CBDE2631DC23E9900BC55C6 /* main.m in Sources */ = {isa = PBXBuildFile; fileRef = 8CBDE2621DC23E9900BC55C6 /* main.m */; };
		8CBDE2661DC23E9900BC55C6 /* AppDelegate.m in Sources */ = {isa = PBXBuildFile; fileRef = 8CBDE2651DC23E9900BC55C6 /* AppDelegate.m */; };
		8CBDE2691DC23E9900BC55C6 /* ViewController.m in Sources */ = {isa = PBXBuildFile; fileRef = 8CBDE2681DC23E9900BC55C6 /* ViewController.m */; };
		8CBDE26C1DC23E9900BC55C6 /* Main.storyboard in Resources */ = {isa = PBXBuildFile; fileRef = 8CBDE26A1DC23E9900BC55C6 /* Main.storyboard */; };
		8CBDE26E1DC23E9900BC55C6 /* Assets.xcassets in Resources */ = {isa = PBXBuildFile; fileRef = 8CBDE26D1DC23E9900BC55C6 /* Assets.xcassets */; };
		8CBDE2711DC23E9900BC55C6 /* LaunchScreen.storyboard in Resources */ = {isa = PBXBuildFile; fileRef = 8CBDE26F1DC23E9900BC55C6 /* LaunchScreen.storyboard */; };
		8CBDE27C1DC23E9900BC55C6 /* Metronome_objUITests.m in Sources */ = {isa = PBXBuildFile; fileRef = 8CBDE27B1DC23E9900BC55C6 /* Metronome_objUITests.m */; };
		8CBDE2901DC23F4A00BC55C6 /* a3.m4a in Resources */ = {isa = PBXBuildFile; fileRef = 8CBDE28D1DC23F4A00BC55C6 /* a3.m4a */; };
		8CBDE2911DC23F4A00BC55C6 /* click1.mp3 in Resources */ = {isa = PBXBuildFile; fileRef = 8CBDE28E1DC23F4A00BC55C6 /* click1.mp3 */; };
		8CBDE2961DC240CC00BC55C6 /* AVFoundation.framework in Frameworks */ = {isa = PBXBuildFile; fileRef = 8CBDE2951DC240CC00BC55C6 /* AVFoundation.framework */; };
		8CBDE29A1DC2474B00BC55C6 /* PlayButton.m in Sources */ = {isa = PBXBuildFile; fileRef = 8CBDE2991DC2474B00BC55C6 /* PlayButton.m */; };
		8CBDE29D1DC24ABC00BC55C6 /* MuteButton.m in Sources */ = {isa = PBXBuildFile; fileRef = 8CBDE29C1DC24ABC00BC55C6 /* MuteButton.m */; };
/* End PBXBuildFile section */

/* Begin PBXContainerItemProxy section */
		8CBDE2781DC23E9900BC55C6 /* PBXContainerItemProxy */ = {
			isa = PBXContainerItemProxy;
			containerPortal = 8CBDE2561DC23E9900BC55C6 /* Project object */;
			proxyType = 1;
			remoteGlobalIDString = 8CBDE25D1DC23E9900BC55C6;
			remoteInfo = Metronome_obj;
		};
/* End PBXContainerItemProxy section */

/* Begin PBXFileReference section */
		8C2DADBD1DC7862C0025068B /* SwingAnimation.h */ = {isa = PBXFileReference; fileEncoding = 4; lastKnownFileType = sourcecode.c.h; name = SwingAnimation.h; path = View/SwingAnimation.h; sourceTree = "<group>"; };
		8C2DADBE1DC7862C0025068B /* SwingAnimation.m */ = {isa = PBXFileReference; fileEncoding = 4; lastKnownFileType = sourcecode.c.objc; name = SwingAnimation.m; path = View/SwingAnimation.m; sourceTree = "<group>"; };
		8C2DADC01DC786550025068B /* MetronomeConstant.h */ = {isa = PBXFileReference; lastKnownFileType = sourcecode.c.h; path = MetronomeConstant.h; sourceTree = "<group>"; };
		8C2DADC11DC78A840025068B /* QuartzCore.framework */ = {isa = PBXFileReference; lastKnownFileType = wrapper.framework; name = QuartzCore.framework; path = System/Library/Frameworks/QuartzCore.framework; sourceTree = SDKROOT; };
		8C2DADF81DCA40580025068B /* metronomeCenter.png */ = {isa = PBXFileReference; lastKnownFileType = image.png; name = metronomeCenter.png; path = image/metronomeCenter.png; sourceTree = "<group>"; };
		8C2DADFC1DD0D23E0025068B /* iTunesArtwork.png */ = {isa = PBXFileReference; lastKnownFileType = image.png; path = iTunesArtwork.png; sourceTree = "<group>"; };
		8C9B57821DC4793E00A0DF80 /* metronome_1.png */ = {isa = PBXFileReference; lastKnownFileType = image.png; name = metronome_1.png; path = image/metronome_1.png; sourceTree = "<group>"; };
		8CBDE25E1DC23E9900BC55C6 /* MetronomeObj.app */ = {isa = PBXFileReference; explicitFileType = wrapper.application; includeInIndex = 0; path = MetronomeObj.app; sourceTree = BUILT_PRODUCTS_DIR; };
		8CBDE2621DC23E9900BC55C6 /* main.m */ = {isa = PBXFileReference; lastKnownFileType = sourcecode.c.objc; path = main.m; sourceTree = "<group>"; };
		8CBDE2641DC23E9900BC55C6 /* AppDelegate.h */ = {isa = PBXFileReference; lastKnownFileType = sourcecode.c.h; path = AppDelegate.h; sourceTree = "<group>"; };
		8CBDE2651DC23E9900BC55C6 /* AppDelegate.m */ = {isa = PBXFileReference; lastKnownFileType = sourcecode.c.objc; path = AppDelegate.m; sourceTree = "<group>"; };
		8CBDE2671DC23E9900BC55C6 /* ViewController.h */ = {isa = PBXFileReference; lastKnownFileType = sourcecode.c.h; path = ViewController.h; sourceTree = "<group>"; };
		8CBDE2681DC23E9900BC55C6 /* ViewController.m */ = {isa = PBXFileReference; lastKnownFileType = sourcecode.c.objc; path = ViewController.m; sourceTree = "<group>"; };
		8CBDE26B1DC23E9900BC55C6 /* Base */ = {isa = PBXFileReference; lastKnownFileType = file.storyboard; name = Base; path = Base.lproj/Main.storyboard; sourceTree = "<group>"; };
		8CBDE26D1DC23E9900BC55C6 /* Assets.xcassets */ = {isa = PBXFileReference; lastKnownFileType = folder.assetcatalog; path = Assets.xcassets; sourceTree = "<group>"; };
		8CBDE2701DC23E9900BC55C6 /* Base */ = {isa = PBXFileReference; lastKnownFileType = file.storyboard; name = Base; path = Base.lproj/LaunchScreen.storyboard; sourceTree = "<group>"; };
		8CBDE2721DC23E9900BC55C6 /* Info.plist */ = {isa = PBXFileReference; lastKnownFileType = text.plist.xml; path = Info.plist; sourceTree = "<group>"; };
		8CBDE2771DC23E9900BC55C6 /* MetronomeObjUITests.xctest */ = {isa = PBXFileReference; explicitFileType = wrapper.cfbundle; includeInIndex = 0; path = MetronomeObjUITests.xctest; sourceTree = BUILT_PRODUCTS_DIR; };
		8CBDE27B1DC23E9900BC55C6 /* Metronome_objUITests.m */ = {isa = PBXFileReference; lastKnownFileType = sourcecode.c.objc; path = Metronome_objUITests.m; sourceTree = "<group>"; };
		8CBDE27D1DC23E9900BC55C6 /* Info.plist */ = {isa = PBXFileReference; lastKnownFileType = text.plist.xml; path = Info.plist; sourceTree = "<group>"; };
		8CBDE28D1DC23F4A00BC55C6 /* a3.m4a */ = {isa = PBXFileReference; lastKnownFileType = file; path = a3.m4a; sourceTree = "<group>"; };
		8CBDE28E1DC23F4A00BC55C6 /* click1.mp3 */ = {isa = PBXFileReference; lastKnownFileType = audio.mp3; path = click1.mp3; sourceTree = "<group>"; };
		8CBDE2951DC240CC00BC55C6 /* AVFoundation.framework */ = {isa = PBXFileReference; lastKnownFileType = wrapper.framework; name = AVFoundation.framework; path = System/Library/Frameworks/AVFoundation.framework; sourceTree = SDKROOT; };
		8CBDE2981DC2474B00BC55C6 /* PlayButton.h */ = {isa = PBXFileReference; fileEncoding = 4; lastKnownFileType = sourcecode.c.h; name = PlayButton.h; path = View/PlayButton.h; sourceTree = "<group>"; };
		8CBDE2991DC2474B00BC55C6 /* PlayButton.m */ = {isa = PBXFileReference; fileEncoding = 4; lastKnownFileType = sourcecode.c.objc; name = PlayButton.m; path = View/PlayButton.m; sourceTree = "<group>"; };
		8CBDE29B1DC24ABC00BC55C6 /* MuteButton.h */ = {isa = PBXFileReference; fileEncoding = 4; lastKnownFileType = sourcecode.c.h; name = MuteButton.h; path = View/MuteButton.h; sourceTree = "<group>"; };
		8CBDE29C1DC24ABC00BC55C6 /* MuteButton.m */ = {isa = PBXFileReference; fileEncoding = 4; lastKnownFileType = sourcecode.c.objc; name = MuteButton.m; path = View/MuteButton.m; sourceTree = "<group>"; };
/* End PBXFileReference section */

/* Begin PBXFrameworksBuildPhase section */
		8CBDE25B1DC23E9900BC55C6 /* Frameworks */ = {
			isa = PBXFrameworksBuildPhase;
			buildActionMask = 2147483647;
			files = (
				8C2DADC21DC78A840025068B /* QuartzCore.framework in Frameworks */,
				8CBDE2961DC240CC00BC55C6 /* AVFoundation.framework in Frameworks */,
			);
			runOnlyForDeploymentPostprocessing = 0;
		};
		8CBDE2741DC23E9900BC55C6 /* Frameworks */ = {
			isa = PBXFrameworksBuildPhase;
			buildActionMask = 2147483647;
			files = (
			);
			runOnlyForDeploymentPostprocessing = 0;
		};
/* End PBXFrameworksBuildPhase section */

/* Begin PBXGroup section */
		8C2DADBC1DC785F10025068B /* Controller */ = {
			isa = PBXGroup;
			children = (
				8CBDE2671DC23E9900BC55C6 /* ViewController.h */,
				8CBDE2681DC23E9900BC55C6 /* ViewController.m */,
			);
			name = Controller;
			sourceTree = "<group>";
		};
		8CBDE2551DC23E9900BC55C6 = {
			isa = PBXGroup;
			children = (
				8CBDE2601DC23E9900BC55C6 /* Metronome_obj */,
				8CBDE27A1DC23E9900BC55C6 /* Metronome_objUITests */,
				8CBDE25F1DC23E9900BC55C6 /* Products */,
				8CBDE2941DC240CC00BC55C6 /* Frameworks */,
			);
			sourceTree = "<group>";
		};
		8CBDE25F1DC23E9900BC55C6 /* Products */ = {
			isa = PBXGroup;
			children = (
				8CBDE25E1DC23E9900BC55C6 /* MetronomeObj.app */,
				8CBDE2771DC23E9900BC55C6 /* MetronomeObjUITests.xctest */,
			);
			name = Products;
			sourceTree = "<group>";
		};
		8CBDE2601DC23E9900BC55C6 /* Metronome_obj */ = {
			isa = PBXGroup;
			children = (
				8CBDE2641DC23E9900BC55C6 /* AppDelegate.h */,
				8CBDE2651DC23E9900BC55C6 /* AppDelegate.m */,
				8C2DADC01DC786550025068B /* MetronomeConstant.h */,
				8C2DADBC1DC785F10025068B /* Controller */,
				8CBDE2971DC2471C00BC55C6 /* View */,
				8CBDE26A1DC23E9900BC55C6 /* Main.storyboard */,
				8CBDE26D1DC23E9900BC55C6 /* Assets.xcassets */,
				8CBDE26F1DC23E9900BC55C6 /* LaunchScreen.storyboard */,
				8CBDE2721DC23E9900BC55C6 /* Info.plist */,
				8CBDE28C1DC23F4A00BC55C6 /* Resource */,
				8CBDE2611DC23E9900BC55C6 /* Supporting Files */,
			);
			path = Metronome_obj;
			sourceTree = "<group>";
		};
		8CBDE2611DC23E9900BC55C6 /* Supporting Files */ = {
			isa = PBXGroup;
			children = (
				8CBDE2621DC23E9900BC55C6 /* main.m */,
			);
			name = "Supporting Files";
			sourceTree = "<group>";
		};
		8CBDE27A1DC23E9900BC55C6 /* Metronome_objUITests */ = {
			isa = PBXGroup;
			children = (
				8CBDE27B1DC23E9900BC55C6 /* Metronome_objUITests.m */,
				8CBDE27D1DC23E9900BC55C6 /* Info.plist */,
			);
			path = Metronome_objUITests;
			sourceTree = "<group>";
		};
		8CBDE28C1DC23F4A00BC55C6 /* Resource */ = {
			isa = PBXGroup;
			children = (
				8C2DADFC1DD0D23E0025068B /* iTunesArtwork.png */,
				8C2DADF81DCA40580025068B /* metronomeCenter.png */,
				8C9B57821DC4793E00A0DF80 /* metronome_1.png */,
				8CBDE28D1DC23F4A00BC55C6 /* a3.m4a */,
				8CBDE28E1DC23F4A00BC55C6 /* click1.mp3 */,
				8CBDE28F1DC23F4A00BC55C6 /* image */,
			);
			path = Resource;
			sourceTree = "<group>";
		};
		8CBDE28F1DC23F4A00BC55C6 /* image */ = {
			isa = PBXGroup;
			children = (
			);
			path = image;
			sourceTree = "<group>";
		};
		8CBDE2941DC240CC00BC55C6 /* Frameworks */ = {
			isa = PBXGroup;
			children = (
				8C2DADC11DC78A840025068B /* QuartzCore.framework */,
				8CBDE2951DC240CC00BC55C6 /* AVFoundation.framework */,
			);
			name = Frameworks;
			sourceTree = "<group>";
		};
		8CBDE2971DC2471C00BC55C6 /* View */ = {
			isa = PBXGroup;
			children = (
				8C2DADBD1DC7862C0025068B /* SwingAnimation.h */,
				8C2DADBE1DC7862C0025068B /* SwingAnimation.m */,
				8CBDE29B1DC24ABC00BC55C6 /* MuteButton.h */,
				8CBDE29C1DC24ABC00BC55C6 /* MuteButton.m */,
				8CBDE2981DC2474B00BC55C6 /* PlayButton.h */,
				8CBDE2991DC2474B00BC55C6 /* PlayButton.m */,
			);
			name = View;
			sourceTree = "<group>";
		};
/* End PBXGroup section */

/* Begin PBXNativeTarget section */
		8CBDE25D1DC23E9900BC55C6 /* MetronomeObj */ = {
			isa = PBXNativeTarget;
			buildConfigurationList = 8CBDE2801DC23E9900BC55C6 /* Build configuration list for PBXNativeTarget "MetronomeObj" */;
			buildPhases = (
				8CBDE25A1DC23E9900BC55C6 /* Sources */,
				8CBDE25B1DC23E9900BC55C6 /* Frameworks */,
				8CBDE25C1DC23E9900BC55C6 /* Resources */,
			);
			buildRules = (
			);
			dependencies = (
			);
			name = MetronomeObj;
			productName = Metronome_obj;
			productReference = 8CBDE25E1DC23E9900BC55C6 /* MetronomeObj.app */;
			productType = "com.apple.product-type.application";
		};
		8CBDE2761DC23E9900BC55C6 /* MetronomeObjUITests */ = {
			isa = PBXNativeTarget;
			buildConfigurationList = 8CBDE2831DC23E9900BC55C6 /* Build configuration list for PBXNativeTarget "MetronomeObjUITests" */;
			buildPhases = (
				8CBDE2731DC23E9900BC55C6 /* Sources */,
				8CBDE2741DC23E9900BC55C6 /* Frameworks */,
				8CBDE2751DC23E9900BC55C6 /* Resources */,
			);
			buildRules = (
			);
			dependencies = (
				8CBDE2791DC23E9900BC55C6 /* PBXTargetDependency */,
			);
			name = MetronomeObjUITests;
			productName = Metronome_objUITests;
			productReference = 8CBDE2771DC23E9900BC55C6 /* MetronomeObjUITests.xctest */;
			productType = "com.apple.product-type.bundle.ui-testing";
		};
/* End PBXNativeTarget section */

/* Begin PBXProject section */
		8CBDE2561DC23E9900BC55C6 /* Project object */ = {
			isa = PBXProject;
			attributes = {
				LastUpgradeCheck = 0810;
				ORGANIZATIONNAME = AbbyLai;
				TargetAttributes = {
					8CBDE25D1DC23E9900BC55C6 = {
						CreatedOnToolsVersion = 8.0;
						DevelopmentTeam = 83FNZMQQ79;
						ProvisioningStyle = Manual;
					};
					8CBDE2761DC23E9900BC55C6 = {
						CreatedOnToolsVersion = 8.0;
						DevelopmentTeam = 83FNZMQQ79;
						ProvisioningStyle = Automatic;
						TestTargetID = 8CBDE25D1DC23E9900BC55C6;
					};
				};
			};
			buildConfigurationList = 8CBDE2591DC23E9900BC55C6 /* Build configuration list for PBXProject "MetronomeObj" */;
			compatibilityVersion = "Xcode 3.2";
			developmentRegion = English;
			hasScannedForEncodings = 0;
			knownRegions = (
				en,
				Base,
			);
			mainGroup = 8CBDE2551DC23E9900BC55C6;
			productRefGroup = 8CBDE25F1DC23E9900BC55C6 /* Products */;
			projectDirPath = "";
			projectRoot = "";
			targets = (
				8CBDE25D1DC23E9900BC55C6 /* MetronomeObj */,
				8CBDE2761DC23E9900BC55C6 /* MetronomeObjUITests */,
			);
		};
/* End PBXProject section */

/* Begin PBXResourcesBuildPhase section */
		8CBDE25C1DC23E9900BC55C6 /* Resources */ = {
			isa = PBXResourcesBuildPhase;
			buildActionMask = 2147483647;
			files = (
				8C9B57831DC4793E00A0DF80 /* metronome_1.png in Resources */,
				8CBDE2711DC23E9900BC55C6 /* LaunchScreen.storyboard in Resources */,
				8CBDE26E1DC23E9900BC55C6 /* Assets.xcassets in Resources */,
				8CBDE2901DC23F4A00BC55C6 /* a3.m4a in Resources */,
				8C2DADFD1DD0D23E0025068B /* iTunesArtwork.png in Resources */,
				8CBDE26C1DC23E9900BC55C6 /* Main.storyboard in Resources */,
				8CBDE2911DC23F4A00BC55C6 /* click1.mp3 in Resources */,
				8C2DADF91DCA40580025068B /* metronomeCenter.png in Resources */,
			);
			runOnlyForDeploymentPostprocessing = 0;
		};
		8CBDE2751DC23E9900BC55C6 /* Resources */ = {
			isa = PBXResourcesBuildPhase;
			buildActionMask = 2147483647;
			files = (
			);
			runOnlyForDeploymentPostprocessing = 0;
		};
/* End PBXResourcesBuildPhase section */

/* Begin PBXSourcesBuildPhase section */
		8CBDE25A1DC23E9900BC55C6 /* Sources */ = {
			isa = PBXSourcesBuildPhase;
			buildActionMask = 2147483647;
			files = (
				8C2DADBF1DC7862C0025068B /* SwingAnimation.m in Sources */,
				8CBDE2691DC23E9900BC55C6 /* ViewController.m in Sources */,
				8CBDE29D1DC24ABC00BC55C6 /* MuteButton.m in Sources */,
				8CBDE29A1DC2474B00BC55C6 /* PlayButton.m in Sources */,
				8CBDE2661DC23E9900BC55C6 /* AppDelegate.m in Sources */,
				8CBDE2631DC23E9900BC55C6 /* main.m in Sources */,
			);
			runOnlyForDeploymentPostprocessing = 0;
		};
		8CBDE2731DC23E9900BC55C6 /* Sources */ = {
			isa = PBXSourcesBuildPhase;
			buildActionMask = 2147483647;
			files = (
				8CBDE27C1DC23E9900BC55C6 /* Metronome_objUITests.m in Sources */,
			);
			runOnlyForDeploymentPostprocessing = 0;
		};
/* End PBXSourcesBuildPhase section */

/* Begin PBXTargetDependency section */
		8CBDE2791DC23E9900BC55C6 /* PBXTargetDependency */ = {
			isa = PBXTargetDependency;
			target = 8CBDE25D1DC23E9900BC55C6 /* MetronomeObj */;
			targetProxy = 8CBDE2781DC23E9900BC55C6 /* PBXContainerItemProxy */;
		};
/* End PBXTargetDependency section */

/* Begin PBXVariantGroup section */
		8CBDE26A1DC23E9900BC55C6 /* Main.storyboard */ = {
			isa = PBXVariantGroup;
			children = (
				8CBDE26B1DC23E9900BC55C6 /* Base */,
			);
			name = Main.storyboard;
			sourceTree = "<group>";
		};
		8CBDE26F1DC23E9900BC55C6 /* LaunchScreen.storyboard */ = {
			isa = PBXVariantGroup;
			children = (
				8CBDE2701DC23E9900BC55C6 /* Base */,
			);
			name = LaunchScreen.storyboard;
			sourceTree = "<group>";
		};
/* End PBXVariantGroup section */

/* Begin XCBuildConfiguration section */
		8CBDE27E1DC23E9900BC55C6 /* Debug */ = {
			isa = XCBuildConfiguration;
			buildSettings = {
				ALWAYS_SEARCH_USER_PATHS = NO;
				CLANG_ANALYZER_NONNULL = YES;
				CLANG_CXX_LANGUAGE_STANDARD = "gnu++0x";
				CLANG_CXX_LIBRARY = "libc++";
				CLANG_ENABLE_MODULES = YES;
				CLANG_ENABLE_OBJC_ARC = YES;
				CLANG_WARN_BOOL_CONVERSION = YES;
				CLANG_WARN_CONSTANT_CONVERSION = YES;
				CLANG_WARN_DIRECT_OBJC_ISA_USAGE = YES_ERROR;
				CLANG_WARN_DOCUMENTATION_COMMENTS = YES;
				CLANG_WARN_EMPTY_BODY = YES;
				CLANG_WARN_ENUM_CONVERSION = YES;
				CLANG_WARN_INFINITE_RECURSION = YES;
				CLANG_WARN_INT_CONVERSION = YES;
				CLANG_WARN_OBJC_ROOT_CLASS = YES_ERROR;
				CLANG_WARN_SUSPICIOUS_MOVE = YES;
				CLANG_WARN_SUSPICIOUS_MOVES = YES;
				CLANG_WARN_UNREACHABLE_CODE = YES;
				CLANG_WARN__DUPLICATE_METHOD_MATCH = YES;
				"CODE_SIGN_IDENTITY[sdk=iphoneos*]" = "iPhone Developer";
				COPY_PHASE_STRIP = NO;
				DEBUG_INFORMATION_FORMAT = dwarf;
				ENABLE_STRICT_OBJC_MSGSEND = YES;
				ENABLE_TESTABILITY = YES;
				GCC_C_LANGUAGE_STANDARD = gnu99;
				GCC_DYNAMIC_NO_PIC = NO;
				GCC_NO_COMMON_BLOCKS = YES;
				GCC_OPTIMIZATION_LEVEL = 0;
				GCC_PREPROCESSOR_DEFINITIONS = (
					"DEBUG=1",
					"$(inherited)",
				);
				GCC_WARN_64_TO_32_BIT_CONVERSION = YES;
				GCC_WARN_ABOUT_RETURN_TYPE = YES_ERROR;
				GCC_WARN_UNDECLARED_SELECTOR = YES;
				GCC_WARN_UNINITIALIZED_AUTOS = YES_AGGRESSIVE;
				GCC_WARN_UNUSED_FUNCTION = YES;
				GCC_WARN_UNUSED_VARIABLE = YES;
				IPHONEOS_DEPLOYMENT_TARGET = 10.0;
				MTL_ENABLE_DEBUG_INFO = YES;
				ONLY_ACTIVE_ARCH = YES;
				SDKROOT = iphoneos;
				TARGETED_DEVICE_FAMILY = "1,2";
			};
			name = Debug;
		};
		8CBDE27F1DC23E9900BC55C6 /* Release */ = {
			isa = XCBuildConfiguration;
			buildSettings = {
				ALWAYS_SEARCH_USER_PATHS = NO;
				CLANG_ANALYZER_NONNULL = YES;
				CLANG_CXX_LANGUAGE_STANDARD = "gnu++0x";
				CLANG_CXX_LIBRARY = "libc++";
				CLANG_ENABLE_MODULES = YES;
				CLANG_ENABLE_OBJC_ARC = YES;
				CLANG_WARN_BOOL_CONVERSION = YES;
				CLANG_WARN_CONSTANT_CONVERSION = YES;
				CLANG_WARN_DIRECT_OBJC_ISA_USAGE = YES_ERROR;
				CLANG_WARN_DOCUMENTATION_COMMENTS = YES;
				CLANG_WARN_EMPTY_BODY = YES;
				CLANG_WARN_ENUM_CONVERSION = YES;
				CLANG_WARN_INFINITE_RECURSION = YES;
				CLANG_WARN_INT_CONVERSION = YES;
				CLANG_WARN_OBJC_ROOT_CLASS = YES_ERROR;
				CLANG_WARN_SUSPICIOUS_MOVE = YES;
				CLANG_WARN_SUSPICIOUS_MOVES = YES;
				CLANG_WARN_UNREACHABLE_CODE = YES;
				CLANG_WARN__DUPLICATE_METHOD_MATCH = YES;
				"CODE_SIGN_IDENTITY[sdk=iphoneos*]" = "iPhone Developer";
				COPY_PHASE_STRIP = NO;
				DEBUG_INFORMATION_FORMAT = "dwarf-with-dsym";
				ENABLE_NS_ASSERTIONS = NO;
				ENABLE_STRICT_OBJC_MSGSEND = YES;
				GCC_C_LANGUAGE_STANDARD = gnu99;
				GCC_NO_COMMON_BLOCKS = YES;
				GCC_WARN_64_TO_32_BIT_CONVERSION = YES;
				GCC_WARN_ABOUT_RETURN_TYPE = YES_ERROR;
				GCC_WARN_UNDECLARED_SELECTOR = YES;
				GCC_WARN_UNINITIALIZED_AUTOS = YES_AGGRESSIVE;
				GCC_WARN_UNUSED_FUNCTION = YES;
				GCC_WARN_UNUSED_VARIABLE = YES;
				IPHONEOS_DEPLOYMENT_TARGET = 10.0;
				MTL_ENABLE_DEBUG_INFO = NO;
				SDKROOT = iphoneos;
				TARGETED_DEVICE_FAMILY = "1,2";
				VALIDATE_PRODUCT = YES;
			};
			name = Release;
		};
		8CBDE2811DC23E9900BC55C6 /* Debug */ = {
			isa = XCBuildConfiguration;
			buildSettings = {
				ASSETCATALOG_COMPILER_APPICON_NAME = AppIcon;
				"CODE_SIGN_IDENTITY[sdk=iphoneos*]" = "iPhone Distribution";
				DEVELOPMENT_TEAM = 83FNZMQQ79;
				INFOPLIST_FILE = Metronome_obj/Info.plist;
				IPHONEOS_DEPLOYMENT_TARGET = 8.0;
				LD_RUNPATH_SEARCH_PATHS = "$(inherited) @executable_path/Frameworks";
				PRODUCT_BUNDLE_IDENTIFIER = com.abbylai.Metronome;
				PRODUCT_NAME = "$(TARGET_NAME)";
				PROVISIONING_PROFILE = "67042a80-acd8-4b52-88f2-4732d7c21c54";
				PROVISIONING_PROFILE_SPECIFIER = Metronome_appstore;
				TARGETED_DEVICE_FAMILY = 1;
			};
			name = Debug;
		};
		8CBDE2821DC23E9900BC55C6 /* Release */ = {
			isa = XCBuildConfiguration;
			buildSettings = {
				ASSETCATALOG_COMPILER_APPICON_NAME = AppIcon;
				"CODE_SIGN_IDENTITY[sdk=iphoneos*]" = "iPhone Distribution";
				DEVELOPMENT_TEAM = 83FNZMQQ79;
				INFOPLIST_FILE = Metronome_obj/Info.plist;
				IPHONEOS_DEPLOYMENT_TARGET = 8.0;
				LD_RUNPATH_SEARCH_PATHS = "$(inherited) @executable_path/Frameworks";
				PRODUCT_BUNDLE_IDENTIFIER = com.abbylai.Metronome;
				PRODUCT_NAME = "$(TARGET_NAME)";
				PROVISIONING_PROFILE = "67042a80-acd8-4b52-88f2-4732d7c21c54";
				PROVISIONING_PROFILE_SPECIFIER = Metronome_appstore;
				TARGETED_DEVICE_FAMILY = 1;
			};
			name = Release;
		};
		8CBDE2841DC23E9900BC55C6 /* Debug */ = {
			isa = XCBuildConfiguration;
			buildSettings = {
				DEVELOPMENT_TEAM = 83FNZMQQ79;
				INFOPLIST_FILE = Metronome_objUITests/Info.plist;
				LD_RUNPATH_SEARCH_PATHS = "$(inherited) @executable_path/Frameworks @loader_path/Frameworks";
				PRODUCT_BUNDLE_IDENTIFIER = "com.abbylai.Metronome-objUITests";
				PRODUCT_NAME = "$(TARGET_NAME)";
				TEST_TARGET_NAME = Metronome_obj;
			};
			name = Debug;
		};
		8CBDE2851DC23E9900BC55C6 /* Release */ = {
			isa = XCBuildConfiguration;
			buildSettings = {
				DEVELOPMENT_TEAM = 83FNZMQQ79;
				INFOPLIST_FILE = Metronome_objUITests/Info.plist;
				LD_RUNPATH_SEARCH_PATHS = "$(inherited) @executable_path/Frameworks @loader_path/Frameworks";
				PRODUCT_BUNDLE_IDENTIFIER = "com.abbylai.Metronome-objUITests";
				PRODUCT_NAME = "$(TARGET_NAME)";
				TEST_TARGET_NAME = Metronome_obj;
			};
			name = Release;
		};
/* End XCBuildConfiguration section */

/* Begin XCConfigurationList section */
		8CBDE2591DC23E9900BC55C6 /* Build configuration list for PBXProject "MetronomeObj" */ = {
			isa = XCConfigurationList;
			buildConfigurations = (
				8CBDE27E1DC23E9900BC55C6 /* Debug */,
				8CBDE27F1DC23E9900BC55C6 /* Release */,
			);
			defaultConfigurationIsVisible = 0;
			defaultConfigurationName = Release;
		};
		8CBDE2801DC23E9900BC55C6 /* Build configuration list for PBXNativeTarget "MetronomeObj" */ = {
			isa = XCConfigurationList;
			buildConfigurations = (
				8CBDE2811DC23E9900BC55C6 /* Debug */,
				8CBDE2821DC23E9900BC55C6 /* Release */,
			);
			defaultConfigurationIsVisible = 0;
			defaultConfigurationName = Release;
		};
		8CBDE2831DC23E9900BC55C6 /* Build configuration list for PBXNativeTarget "MetronomeObjUITests" */ = {
			isa = XCConfigurationList;
			buildConfigurations = (
				8CBDE2841DC23E9900BC55C6 /* Debug */,
				8CBDE2851DC23E9900BC55C6 /* Release */,
			);
			defaultConfigurationIsVisible = 0;
			defaultConfigurationName = Release;
		};
/* End XCConfigurationList section */
	};
	rootObject = 8CBDE2561DC23E9900BC55C6 /* Project object */;
}
